
Microsoft Visual Studio Solution File, Format Version 12.00
# Visual Studio Version 17
VisualStudioVersion = 17.4.33213.308
MinimumVisualStudioVersion = 10.0.40219.1
Project("{FAE04EC0-301F-11D3-BF4B-00C04F79EFBC}") = "MonCourriel.API", "MonCourriel.API.csproj", "{D53B8D48-32AE-4251-9C3B-C8ABD0201012}"
EndProject
Global
	GlobalSection(SolutionConfigurationPlatforms) = preSolution
		Debug|Any CPU = Debug|Any CPU
		Release|Any CPU = Release|Any CPU
	EndGlobalSection
	GlobalSection(ProjectConfigurationPlatforms) = postSolution
		{D53B8D48-32AE-4251-9C3B-C8ABD0201012}.Debug|Any CPU.ActiveCfg = Debug|Any CPU
		{D53B8D48-32AE-4251-9C3B-C8ABD0201012}.Debug|Any CPU.Build.0 = Debug|Any CPU
		{D53B8D48-32AE-4251-9C3B-C8ABD0201012}.Release|Any CPU.ActiveCfg = Release|Any CPU
		{D53B8D48-32AE-4251-9C3B-C8ABD0201012}.Release|Any CPU.Build.0 = Release|Any CPU
	EndGlobalSection
	GlobalSection(SolutionProperties) = preSolution
		HideSolutionNode = FALSE
	EndGlobalSection
	GlobalSection(ExtensibilityGlobals) = postSolution
		SolutionGuid = {C657633C-FE6A-4960-A534-BC8A7E6CAFAF}
	EndGlobalSection
EndGlobal
